
Microsoft Visual Studio Solution File, Format Version 12.00
# Visual Studio Version 17
VisualStudioVersion = 17.6.33723.286
MinimumVisualStudioVersion = 10.0.40219.1
Project("{FAE04EC0-301F-11D3-BF4B-00C04F79EFBC}") = "Micelular1.Android", "Micelular1\Micelular1.Android\Micelular1.Android.csproj", "{BB7C3B39-2356-4232-B620-2944962A4655}"
EndProject
Project("{FAE04EC0-301F-11D3-BF4B-00C04F79EFBC}") = "Micelular1.iOS", "Micelular1\Micelular1.iOS\Micelular1.iOS.csproj", "{3314D67B-6CC9-4E7A-90C7-1FEE76CDA28A}"
EndProject
Project("{FAE04EC0-301F-11D3-BF4B-00C04F79EFBC}") = "Micelular1", "Micelular1\Micelular1\Micelular1.csproj", "{49ABE8CD-BBDF-40A8-90A3-FD75E890F207}"
EndProject
Global
	GlobalSection(SolutionConfigurationPlatforms) = preSolution
		Debug|Any CPU = Debug|Any CPU
		Debug|iPhone = Debug|iPhone
		Debug|iPhoneSimulator = Debug|iPhoneSimulator
		Release|Any CPU = Release|Any CPU
		Release|iPhone = Release|iPhone
		Release|iPhoneSimulator = Release|iPhoneSimulator
	EndGlobalSection
	GlobalSection(ProjectConfigurationPlatforms) = postSolution
		{BB7C3B39-2356-4232-B620-2944962A4655}.Debug|Any CPU.ActiveCfg = Debug|Any CPU
		{BB7C3B39-2356-4232-B620-2944962A4655}.Debug|Any CPU.Build.0 = Debug|Any CPU
		{BB7C3B39-2356-4232-B620-2944962A4655}.Debug|Any CPU.Deploy.0 = Debug|Any CPU
		{BB7C3B39-2356-4232-B620-2944962A4655}.Debug|iPhone.ActiveCfg = Debug|Any CPU
		{BB7C3B39-2356-4232-B620-2944962A4655}.Debug|iPhone.Build.0 = Debug|Any CPU
		{BB7C3B39-2356-4232-B620-2944962A4655}.Debug|iPhone.Deploy.0 = Debug|Any CPU
		{BB7C3B39-2356-4232-B620-2944962A4655}.Debug|iPhoneSimulator.ActiveCfg = Debug|Any CPU
		{BB7C3B39-2356-4232-B620-2944962A4655}.Debug|iPhoneSimulator.Build.0 = Debug|Any CPU
		{BB7C3B39-2356-4232-B620-2944962A4655}.Debug|iPhoneSimulator.Deploy.0 = Debug|Any CPU
		{BB7C3B39-2356-4232-B620-2944962A4655}.Release|Any CPU.ActiveCfg = Release|Any CPU
		{BB7C3B39-2356-4232-B620-2944962A4655}.Release|Any CPU.Build.0 = Release|Any CPU
		{BB7C3B39-2356-4232-B620-2944962A4655}.Release|Any CPU.Deploy.0 = Release|Any CPU
		{BB7C3B39-2356-4232-B620-2944962A4655}.Release|iPhone.ActiveCfg = Release|Any CPU
		{BB7C3B39-2356-4232-B620-2944962A4655}.Release|iPhone.Build.0 = Release|Any CPU
		{BB7C3B39-2356-4232-B620-2944962A4655}.Release|iPhone.Deploy.0 = Release|Any CPU
		{BB7C3B39-2356-4232-B620-2944962A4655}.Release|iPhoneSimulator.ActiveCfg = Release|Any CPU
		{BB7C3B39-2356-4232-B620-2944962A4655}.Release|iPhoneSimulator.Build.0 = Release|Any CPU
		{BB7C3B39-2356-4232-B620-2944962A4655}.Release|iPhoneSimulator.Deploy.0 = Release|Any CPU
		{3314D67B-6CC9-4E7A-90C7-1FEE76CDA28A}.Debug|Any CPU.ActiveCfg = Debug|iPhone
		{3314D67B-6CC9-4E7A-90C7-1FEE76CDA28A}.Debug|Any CPU.Build.0 = Debug|iPhone
		{3314D67B-6CC9-4E7A-90C7-1FEE76CDA28A}.Debug|Any CPU.Deploy.0 = Debug|iPhone
		{3314D67B-6CC9-4E7A-90C7-1FEE76CDA28A}.Debug|iPhone.ActiveCfg = Debug|iPhone
		{3314D67B-6CC9-4E7A-90C7-1FEE76CDA28A}.Debug|iPhone.Build.0 = Debug|iPhone
		{3314D67B-6CC9-4E7A-90C7-1FEE76CDA28A}.Debug|iPhone.Deploy.0 = Debug|iPhone
		{3314D67B-6CC9-4E7A-90C7-1FEE76CDA28A}.Debug|iPhoneSimulator.ActiveCfg = Debug|iPhoneSimulator
		{3314D67B-6CC9-4E7A-90C7-1FEE76CDA28A}.Debug|iPhoneSimulator.Build.0 = Debug|iPhoneSimulator
		{3314D67B-6CC9-4E7A-90C7-1FEE76CDA28A}.Debug|iPhoneSimulator.Deploy.0 = Debug|iPhoneSimulator
		{3314D67B-6CC9-4E7A-90C7-1FEE76CDA28A}.Release|Any CPU.ActiveCfg = Release|iPhoneSimulator
		{3314D67B-6CC9-4E7A-90C7-1FEE76CDA28A}.Release|Any CPU.Build.0 = Release|iPhoneSimulator
		{3314D67B-6CC9-4E7A-90C7-1FEE76CDA28A}.Release|Any CPU.Deploy.0 = Release|iPhoneSimulator
		{3314D67B-6CC9-4E7A-90C7-1FEE76CDA28A}.Release|iPhone.ActiveCfg = Release|iPhone
		{3314D67B-6CC9-4E7A-90C7-1FEE76CDA28A}.Release|iPhone.Build.0 = Release|iPhone
		{3314D67B-6CC9-4E7A-90C7-1FEE76CDA28A}.Release|iPhone.Deploy.0 = Release|iPhone
		{3314D67B-6CC9-4E7A-90C7-1FEE76CDA28A}.Release|iPhoneSimulator.ActiveCfg = Release|iPhoneSimulator
		{3314D67B-6CC9-4E7A-90C7-1FEE76CDA28A}.Release|iPhoneSimulator.Build.0 = Release|iPhoneSimulator
		{3314D67B-6CC9-4E7A-90C7-1FEE76CDA28A}.Release|iPhoneSimulator.Deploy.0 = Release|iPhoneSimulator
		{49ABE8CD-BBDF-40A8-90A3-FD75E890F207}.Debug|Any CPU.ActiveCfg = Debug|Any CPU
		{49ABE8CD-BBDF-40A8-90A3-FD75E890F207}.Debug|Any CPU.Build.0 = Debug|Any CPU
		{49ABE8CD-BBDF-40A8-90A3-FD75E890F207}.Debug|Any CPU.Deploy.0 = Debug|Any CPU
		{49ABE8CD-BBDF-40A8-90A3-FD75E890F207}.Debug|iPhone.ActiveCfg = Debug|Any CPU
		{49ABE8CD-BBDF-40A8-90A3-FD75E890F207}.Debug|iPhone.Build.0 = Debug|Any CPU
		{49ABE8CD-BBDF-40A8-90A3-FD75E890F207}.Debug|iPhone.Deploy.0 = Debug|Any CPU
		{49ABE8CD-BBDF-40A8-90A3-FD75E890F207}.Debug|iPhoneSimulator.ActiveCfg = Debug|Any CPU
		{49ABE8CD-BBDF-40A8-90A3-FD75E890F207}.Debug|iPhoneSimulator.Build.0 = Debug|Any CPU
		{49ABE8CD-BBDF-40A8-90A3-FD75E890F207}.Debug|iPhoneSimulator.Deploy.0 = Debug|Any CPU
		{49ABE8CD-BBDF-40A8-90A3-FD75E890F207}.Release|Any CPU.ActiveCfg = Release|Any CPU
		{49ABE8CD-BBDF-40A8-90A3-FD75E890F207}.Release|Any CPU.Build.0 = Release|Any CPU
		{49ABE8CD-BBDF-40A8-90A3-FD75E890F207}.Release|Any CPU.Deploy.0 = Release|Any CPU
		{49ABE8CD-BBDF-40A8-90A3-FD75E890F207}.Release|iPhone.ActiveCfg = Release|Any CPU
		{49ABE8CD-BBDF-40A8-90A3-FD75E890F207}.Release|iPhone.Build.0 = Release|Any CPU
		{49ABE8CD-BBDF-40A8-90A3-FD75E890F207}.Release|iPhone.Deploy.0 = Release|Any CPU
		{49ABE8CD-BBDF-40A8-90A3-FD75E890F207}.Release|iPhoneSimulator.ActiveCfg = Release|Any CPU
		{49ABE8CD-BBDF-40A8-90A3-FD75E890F207}.Release|iPhoneSimulator.Build.0 = Release|Any CPU
		{49ABE8CD-BBDF-40A8-90A3-FD75E890F207}.Release|iPhoneSimulator.Deploy.0 = Release|Any CPU
	EndGlobalSection
	GlobalSection(SolutionProperties) = preSolution
		HideSolutionNode = FALSE
	EndGlobalSection
	GlobalSection(ExtensibilityGlobals) = postSolution
		SolutionGuid = {F1C05B84-F813-4429-8F37-B88B35C08F65}
	EndGlobalSection
EndGlobal
